// !$*UTF8*$!
{
	archiveVersion = 1;
	classes = {
	};
	objectVersion = 56;
	objects = {

/* Begin PBXBuildFile section */
		B9EEEEE42B88A83A008FB2AA /* MsssApp.swift in Sources */ = {isa = PBXBuildFile; fileRef = B9EEEEE32B88A83A008FB2AA /* MsssApp.swift */; };
		B9EEEEE62B88A83A008FB2AA /* ContentView.swift in Sources */ = {isa = PBXBuildFile; fileRef = B9EEEEE52B88A83A008FB2AA /* ContentView.swift */; };
		B9EEEEE82B88A83B008FB2AA /* Assets.xcassets in Resources */ = {isa = PBXBuildFile; fileRef = B9EEEEE72B88A83B008FB2AA /* Assets.xcassets */; };
		B9EEEEEB2B88A83B008FB2AA /* Preview Assets.xcassets in Resources */ = {isa = PBXBuildFile; fileRef = B9EEEEEA2B88A83B008FB2AA /* Preview Assets.xcassets */; };
		B9EEEEF52B88A83B008FB2AA /* MsssTests.swift in Sources */ = {isa = PBXBuildFile; fileRef = B9EEEEF42B88A83B008FB2AA /* MsssTests.swift */; };
		B9EEEEFF2B88A83B008FB2AA /* MsssUITests.swift in Sources */ = {isa = PBXBuildFile; fileRef = B9EEEEFE2B88A83B008FB2AA /* MsssUITests.swift */; };
		B9EEEF012B88A83B008FB2AA /* MsssUITestsLaunchTests.swift in Sources */ = {isa = PBXBuildFile; fileRef = B9EEEF002B88A83B008FB2AA /* MsssUITestsLaunchTests.swift */; };
/* End PBXBuildFile section */

/* Begin PBXContainerItemProxy section */
		B9EEEEF12B88A83B008FB2AA /* PBXContainerItemProxy */ = {
			isa = PBXContainerItemProxy;
			containerPortal = B9EEEED82B88A83A008FB2AA /* Project object */;
			proxyType = 1;
			remoteGlobalIDString = B9EEEEDF2B88A83A008FB2AA;
			remoteInfo = Msss;
		};
		B9EEEEFB2B88A83B008FB2AA /* PBXContainerItemProxy */ = {
			isa = PBXContainerItemProxy;
			containerPortal = B9EEEED82B88A83A008FB2AA /* Project object */;
			proxyType = 1;
			remoteGlobalIDString = B9EEEEDF2B88A83A008FB2AA;
			remoteInfo = Msss;
		};
/* End PBXContainerItemProxy section */

/* Begin PBXFileReference section */
		B9EEEEE02B88A83A008FB2AA /* Msss.app */ = {isa = PBXFileReference; explicitFileType = wrapper.application; includeInIndex = 0; path = Msss.app; sourceTree = BUILT_PRODUCTS_DIR; };
		B9EEEEE32B88A83A008FB2AA /* MsssApp.swift */ = {isa = PBXFileReference; lastKnownFileType = sourcecode.swift; path = MsssApp.swift; sourceTree = "<group>"; };
		B9EEEEE52B88A83A008FB2AA /* ContentView.swift */ = {isa = PBXFileReference; lastKnownFileType = sourcecode.swift; path = ContentView.swift; sourceTree = "<group>"; };
		B9EEEEE72B88A83B008FB2AA /* Assets.xcassets */ = {isa = PBXFileReference; lastKnownFileType = folder.assetcatalog; path = Assets.xcassets; sourceTree = "<group>"; };
		B9EEEEEA2B88A83B008FB2AA /* Preview Assets.xcassets */ = {isa = PBXFileReference; lastKnownFileType = folder.assetcatalog; path = "Preview Assets.xcassets"; sourceTree = "<group>"; };
		B9EEEEF02B88A83B008FB2AA /* MsssTests.xctest */ = {isa = PBXFileReference; explicitFileType = wrapper.cfbundle; includeInIndex = 0; path = MsssTests.xctest; sourceTree = BUILT_PRODUCTS_DIR; };
		B9EEEEF42B88A83B008FB2AA /* MsssTests.swift */ = {isa = PBXFileReference; lastKnownFileType = sourcecode.swift; path = MsssTests.swift; sourceTree = "<group>"; };
		B9EEEEFA2B88A83B008FB2AA /* MsssUITests.xctest */ = {isa = PBXFileReference; explicitFileType = wrapper.cfbundle; includeInIndex = 0; path = MsssUITests.xctest; sourceTree = BUILT_PRODUCTS_DIR; };
		B9EEEEFE2B88A83B008FB2AA /* MsssUITests.swift */ = {isa = PBXFileReference; lastKnownFileType = sourcecode.swift; path = MsssUITests.swift; sourceTree = "<group>"; };
		B9EEEF002B88A83B008FB2AA /* MsssUITestsLaunchTests.swift */ = {isa = PBXFileReference; lastKnownFileType = sourcecode.swift; path = MsssUITestsLaunchTests.swift; sourceTree = "<group>"; };
/* End PBXFileReference section */

/* Begin PBXFrameworksBuildPhase section */
		B9EEEEDD2B88A83A008FB2AA /* Frameworks */ = {
			isa = PBXFrameworksBuildPhase;
			buildActionMask = 2147483647;
			files = (
			);
			runOnlyForDeploymentPostprocessing = 0;
		};
		B9EEEEED2B88A83B008FB2AA /* Frameworks */ = {
			isa = PBXFrameworksBuildPhase;
			buildActionMask = 2147483647;
			files = (
			);
			runOnlyForDeploymentPostprocessing = 0;
		};
		B9EEEEF72B88A83B008FB2AA /* Frameworks */ = {
			isa = PBXFrameworksBuildPhase;
			buildActionMask = 2147483647;
			files = (
			);
			runOnlyForDeploymentPostprocessing = 0;
		};
/* End PBXFrameworksBuildPhase section */

/* Begin PBXGroup section */
		B9EEEED72B88A83A008FB2AA = {
			isa = PBXGroup;
			children = (
				B9EEEEE22B88A83A008FB2AA /* Msss */,
				B9EEEEF32B88A83B008FB2AA /* MsssTests */,
				B9EEEEFD2B88A83B008FB2AA /* MsssUITests */,
				B9EEEEE12B88A83A008FB2AA /* Products */,
			);
			sourceTree = "<group>";
		};
		B9EEEEE12B88A83A008FB2AA /* Products */ = {
			isa = PBXGroup;
			children = (
				B9EEEEE02B88A83A008FB2AA /* Msss.app */,
				B9EEEEF02B88A83B008FB2AA /* MsssTests.xctest */,
				B9EEEEFA2B88A83B008FB2AA /* MsssUITests.xctest */,
			);
			name = Products;
			sourceTree = "<group>";
		};
		B9EEEEE22B88A83A008FB2AA /* Msss */ = {
			isa = PBXGroup;
			children = (
				B9EEEEE32B88A83A008FB2AA /* MsssApp.swift */,
				B9EEEEE52B88A83A008FB2AA /* ContentView.swift */,
				B9EEEEE72B88A83B008FB2AA /* Assets.xcassets */,
				B9EEEEE92B88A83B008FB2AA /* Preview Content */,
			);
			path = Msss;
			sourceTree = "<group>";
		};
		B9EEEEE92B88A83B008FB2AA /* Preview Content */ = {
			isa = PBXGroup;
			children = (
				B9EEEEEA2B88A83B008FB2AA /* Preview Assets.xcassets */,
			);
			path = "Preview Content";
			sourceTree = "<group>";
		};
		B9EEEEF32B88A83B008FB2AA /* MsssTests */ = {
			isa = PBXGroup;
			children = (
				B9EEEEF42B88A83B008FB2AA /* MsssTests.swift */,
			);
			path = MsssTests;
			sourceTree = "<group>";
		};
		B9EEEEFD2B88A83B008FB2AA /* MsssUITests */ = {
			isa = PBXGroup;
			children = (
				B9EEEEFE2B88A83B008FB2AA /* MsssUITests.swift */,
				B9EEEF002B88A83B008FB2AA /* MsssUITestsLaunchTests.swift */,
			);
			path = MsssUITests;
			sourceTree = "<group>";
		};
/* End PBXGroup section */

/* Begin PBXNativeTarget section */
		B9EEEEDF2B88A83A008FB2AA /* Msss */ = {
			isa = PBXNativeTarget;
			buildConfigurationList = B9EEEF042B88A83B008FB2AA /* Build configuration list for PBXNativeTarget "Msss" */;
			buildPhases = (
				B9EEEEDC2B88A83A008FB2AA /* Sources */,
				B9EEEEDD2B88A83A008FB2AA /* Frameworks */,
				B9EEEEDE2B88A83A008FB2AA /* Resources */,
			);
			buildRules = (
			);
			dependencies = (
			);
			name = Msss;
			productName = Msss;
			productReference = B9EEEEE02B88A83A008FB2AA /* Msss.app */;
			productType = "com.apple.product-type.application";
		};
		B9EEEEEF2B88A83B008FB2AA /* MsssTests */ = {
			isa = PBXNativeTarget;
			buildConfigurationList = B9EEEF072B88A83B008FB2AA /* Build configuration list for PBXNativeTarget "MsssTests" */;
			buildPhases = (
				B9EEEEEC2B88A83B008FB2AA /* Sources */,
				B9EEEEED2B88A83B008FB2AA /* Frameworks */,
				B9EEEEEE2B88A83B008FB2AA /* Resources */,
			);
			buildRules = (
			);
			dependencies = (
				B9EEEEF22B88A83B008FB2AA /* PBXTargetDependency */,
			);
			name = MsssTests;
			productName = MsssTests;
			productReference = B9EEEEF02B88A83B008FB2AA /* MsssTests.xctest */;
			productType = "com.apple.product-type.bundle.unit-test";
		};
		B9EEEEF92B88A83B008FB2AA /* MsssUITests */ = {
			isa = PBXNativeTarget;
			buildConfigurationList = B9EEEF0A2B88A83B008FB2AA /* Build configuration list for PBXNativeTarget "MsssUITests" */;
			buildPhases = (
				B9EEEEF62B88A83B008FB2AA /* Sources */,
				B9EEEEF72B88A83B008FB2AA /* Frameworks */,
				B9EEEEF82B88A83B008FB2AA /* Resources */,
			);
			buildRules = (
			);
			dependencies = (
				B9EEEEFC2B88A83B008FB2AA /* PBXTargetDependency */,
			);
			name = MsssUITests;
			productName = MsssUITests;
			productReference = B9EEEEFA2B88A83B008FB2AA /* MsssUITests.xctest */;
			productType = "com.apple.product-type.bundle.ui-testing";
		};
/* End PBXNativeTarget section */

/* Begin PBXProject section */
		B9EEEED82B88A83A008FB2AA /* Project object */ = {
			isa = PBXProject;
			attributes = {
				BuildIndependentTargetsInParallel = 1;
				LastSwiftUpdateCheck = 1520;
				LastUpgradeCheck = 1520;
				TargetAttributes = {
					B9EEEEDF2B88A83A008FB2AA = {
						CreatedOnToolsVersion = 15.2;
					};
					B9EEEEEF2B88A83B008FB2AA = {
						CreatedOnToolsVersion = 15.2;
						TestTargetID = B9EEEEDF2B88A83A008FB2AA;
					};
					B9EEEEF92B88A83B008FB2AA = {
						CreatedOnToolsVersion = 15.2;
						TestTargetID = B9EEEEDF2B88A83A008FB2AA;
					};
				};
			};
			buildConfigurationList = B9EEEEDB2B88A83A008FB2AA /* Build configuration list for PBXProject "Msss" */;
			compatibilityVersion = "Xcode 14.0";
			developmentRegion = en;
			hasScannedForEncodings = 0;
			knownRegions = (
				en,
				Base,
			);
			mainGroup = B9EEEED72B88A83A008FB2AA;
			productRefGroup = B9EEEEE12B88A83A008FB2AA /* Products */;
			projectDirPath = "";
			projectRoot = "";
			targets = (
				B9EEEEDF2B88A83A008FB2AA /* Msss */,
				B9EEEEEF2B88A83B008FB2AA /* MsssTests */,
				B9EEEEF92B88A83B008FB2AA /* MsssUITests */,
			);
		};
/* End PBXProject section */

/* Begin PBXResourcesBuildPhase section */
		B9EEEEDE2B88A83A008FB2AA /* Resources */ = {
			isa = PBXResourcesBuildPhase;
			buildActionMask = 2147483647;
			files = (
				B9EEEEEB2B88A83B008FB2AA /* Preview Assets.xcassets in Resources */,
				B9EEEEE82B88A83B008FB2AA /* Assets.xcassets in Resources */,
			);
			runOnlyForDeploymentPostprocessing = 0;
		};
		B9EEEEEE2B88A83B008FB2AA /* Resources */ = {
			isa = PBXResourcesBuildPhase;
			buildActionMask = 2147483647;
			files = (
			);
			runOnlyForDeploymentPostprocessing = 0;
		};
		B9EEEEF82B88A83B008FB2AA /* Resources */ = {
			isa = PBXResourcesBuildPhase;
			buildActionMask = 2147483647;
			files = (
			);
			runOnlyForDeploymentPostprocessing = 0;
		};
/* End PBXResourcesBuildPhase section */

/* Begin PBXSourcesBuildPhase section */
		B9EEEEDC2B88A83A008FB2AA /* Sources */ = {
			isa = PBXSourcesBuildPhase;
			buildActionMask = 2147483647;
			files = (
				B9EEEEE62B88A83A008FB2AA /* ContentView.swift in Sources */,
				B9EEEEE42B88A83A008FB2AA /* MsssApp.swift in Sources */,
			);
			runOnlyForDeploymentPostprocessing = 0;
		};
		B9EEEEEC2B88A83B008FB2AA /* Sources */ = {
			isa = PBXSourcesBuildPhase;
			buildActionMask = 2147483647;
			files = (
				B9EEEEF52B88A83B008FB2AA /* MsssTests.swift in Sources */,
			);
			runOnlyForDeploymentPostprocessing = 0;
		};
		B9EEEEF62B88A83B008FB2AA /* Sources */ = {
			isa = PBXSourcesBuildPhase;
			buildActionMask = 2147483647;
			files = (
				B9EEEF012B88A83B008FB2AA /* MsssUITestsLaunchTests.swift in Sources */,
				B9EEEEFF2B88A83B008FB2AA /* MsssUITests.swift in Sources */,
			);
			runOnlyForDeploymentPostprocessing = 0;
		};
/* End PBXSourcesBuildPhase section */

/* Begin PBXTargetDependency section */
		B9EEEEF22B88A83B008FB2AA /* PBXTargetDependency */ = {
			isa = PBXTargetDependency;
			target = B9EEEEDF2B88A83A008FB2AA /* Msss */;
			targetProxy = B9EEEEF12B88A83B008FB2AA /* PBXContainerItemProxy */;
		};
		B9EEEEFC2B88A83B008FB2AA /* PBXTargetDependency */ = {
			isa = PBXTargetDependency;
			target = B9EEEEDF2B88A83A008FB2AA /* Msss */;
			targetProxy = B9EEEEFB2B88A83B008FB2AA /* PBXContainerItemProxy */;
		};
/* End PBXTargetDependency section */

/* Begin XCBuildConfiguration section */
		B9EEEF022B88A83B008FB2AA /* Debug */ = {
			isa = XCBuildConfiguration;
			buildSettings = {
				ALWAYS_SEARCH_USER_PATHS = NO;
				ASSETCATALOG_COMPILER_GENERATE_SWIFT_ASSET_SYMBOL_EXTENSIONS = YES;
				CLANG_ANALYZER_NONNULL = YES;
				CLANG_ANALYZER_NUMBER_OBJECT_CONVERSION = YES_AGGRESSIVE;
				CLANG_CXX_LANGUAGE_STANDARD = "gnu++20";
				CLANG_ENABLE_MODULES = YES;
				CLANG_ENABLE_OBJC_ARC = YES;
				CLANG_ENABLE_OBJC_WEAK = YES;
				CLANG_WARN_BLOCK_CAPTURE_AUTORELEASING = YES;
				CLANG_WARN_BOOL_CONVERSION = YES;
				CLANG_WARN_COMMA = YES;
				CLANG_WARN_CONSTANT_CONVERSION = YES;
				CLANG_WARN_DEPRECATED_OBJC_IMPLEMENTATIONS = YES;
				CLANG_WARN_DIRECT_OBJC_ISA_USAGE = YES_ERROR;
				CLANG_WARN_DOCUMENTATION_COMMENTS = YES;
				CLANG_WARN_EMPTY_BODY = YES;
				CLANG_WARN_ENUM_CONVERSION = YES;
				CLANG_WARN_INFINITE_RECURSION = YES;
				CLANG_WARN_INT_CONVERSION = YES;
				CLANG_WARN_NON_LITERAL_NULL_CONVERSION = YES;
				CLANG_WARN_OBJC_IMPLICIT_RETAIN_SELF = YES;
				CLANG_WARN_OBJC_LITERAL_CONVERSION = YES;
				CLANG_WARN_OBJC_ROOT_CLASS = YES_ERROR;
				CLANG_WARN_QUOTED_INCLUDE_IN_FRAMEWORK_HEADER = YES;
				CLANG_WARN_RANGE_LOOP_ANALYSIS = YES;
				CLANG_WARN_STRICT_PROTOTYPES = YES;
				CLANG_WARN_SUSPICIOUS_MOVE = YES;
				CLANG_WARN_UNGUARDED_AVAILABILITY = YES_AGGRESSIVE;
				CLANG_WARN_UNREACHABLE_CODE = YES;
				CLANG_WARN__DUPLICATE_METHOD_MATCH = YES;
				COPY_PHASE_STRIP = NO;
				DEBUG_INFORMATION_FORMAT = dwarf;
				ENABLE_STRICT_OBJC_MSGSEND = YES;
				ENABLE_TESTABILITY = YES;
				ENABLE_USER_SCRIPT_SANDBOXING = YES;
				GCC_C_LANGUAGE_STANDARD = gnu17;
				GCC_DYNAMIC_NO_PIC = NO;
				GCC_NO_COMMON_BLOCKS = YES;
				GCC_OPTIMIZATION_LEVEL = 0;
				GCC_PREPROCESSOR_DEFINITIONS = (
					"DEBUG=1",
					"$(inherited)",
				);
				GCC_WARN_64_TO_32_BIT_CONVERSION = YES;
				GCC_WARN_ABOUT_RETURN_TYPE = YES_ERROR;
				GCC_WARN_UNDECLARED_SELECTOR = YES;
				GCC_WARN_UNINITIALIZED_AUTOS = YES_AGGRESSIVE;
				GCC_WARN_UNUSED_FUNCTION = YES;
				GCC_WARN_UNUSED_VARIABLE = YES;
				IPHONEOS_DEPLOYMENT_TARGET = 16.0;
				LOCALIZATION_PREFERS_STRING_CATALOGS = YES;
				MTL_ENABLE_DEBUG_INFO = INCLUDE_SOURCE;
				MTL_FAST_MATH = YES;
				ONLY_ACTIVE_ARCH = YES;
				SDKROOT = iphoneos;
				SWIFT_ACTIVE_COMPILATION_CONDITIONS = "DEBUG $(inherited)";
				SWIFT_OPTIMIZATION_LEVEL = "-Onone";
			};
			name = Debug;
		};
		B9EEEF032B88A83B008FB2AA /* Release */ = {
			isa = XCBuildConfiguration;
			buildSettings = {
				ALWAYS_SEARCH_USER_PATHS = NO;
				ASSETCATALOG_COMPILER_GENERATE_SWIFT_ASSET_SYMBOL_EXTENSIONS = YES;
				CLANG_ANALYZER_NONNULL = YES;
				CLANG_ANALYZER_NUMBER_OBJECT_CONVERSION = YES_AGGRESSIVE;
				CLANG_CXX_LANGUAGE_STANDARD = "gnu++20";
				CLANG_ENABLE_MODULES = YES;
				CLANG_ENABLE_OBJC_ARC = YES;
				CLANG_ENABLE_OBJC_WEAK = YES;
				CLANG_WARN_BLOCK_CAPTURE_AUTORELEASING = YES;
				CLANG_WARN_BOOL_CONVERSION = YES;
				CLANG_WARN_COMMA = YES;
				CLANG_WARN_CONSTANT_CONVERSION = YES;
				CLANG_WARN_DEPRECATED_OBJC_IMPLEMENTATIONS = YES;
				CLANG_WARN_DIRECT_OBJC_ISA_USAGE = YES_ERROR;
				CLANG_WARN_DOCUMENTATION_COMMENTS = YES;
				CLANG_WARN_EMPTY_BODY = YES;
				CLANG_WARN_ENUM_CONVERSION = YES;
				CLANG_WARN_INFINITE_RECURSION = YES;
				CLANG_WARN_INT_CONVERSION = YES;
				CLANG_WARN_NON_LITERAL_NULL_CONVERSION = YES;
				CLANG_WARN_OBJC_IMPLICIT_RETAIN_SELF = YES;
				CLANG_WARN_OBJC_LITERAL_CONVERSION = YES;
				CLANG_WARN_OBJC_ROOT_CLASS = YES_ERROR;
				CLANG_WARN_QUOTED_INCLUDE_IN_FRAMEWORK_HEADER = YES;
				CLANG_WARN_RANGE_LOOP_ANALYSIS = YES;
				CLANG_WARN_STRICT_PROTOTYPES = YES;
				CLANG_WARN_SUSPICIOUS_MOVE = YES;
				CLANG_WARN_UNGUARDED_AVAILABILITY = YES_AGGRESSIVE;
				CLANG_WARN_UNREACHABLE_CODE = YES;
				CLANG_WARN__DUPLICATE_METHOD_MATCH = YES;
				COPY_PHASE_STRIP = NO;
				DEBUG_INFORMATION_FORMAT = "dwarf-with-dsym";
				ENABLE_NS_ASSERTIONS = NO;
				ENABLE_STRICT_OBJC_MSGSEND = YES;
				ENABLE_USER_SCRIPT_SANDBOXING = YES;
				GCC_C_LANGUAGE_STANDARD = gnu17;
				GCC_NO_COMMON_BLOCKS = YES;
				GCC_WARN_64_TO_32_BIT_CONVERSION = YES;
				GCC_WARN_ABOUT_RETURN_TYPE = YES_ERROR;
				GCC_WARN_UNDECLARED_SELECTOR = YES;
				GCC_WARN_UNINITIALIZED_AUTOS = YES_AGGRESSIVE;
				GCC_WARN_UNUSED_FUNCTION = YES;
				GCC_WARN_UNUSED_VARIABLE = YES;
				IPHONEOS_DEPLOYMENT_TARGET = 16.0;
				LOCALIZATION_PREFERS_STRING_CATALOGS = YES;
				MTL_ENABLE_DEBUG_INFO = NO;
				MTL_FAST_MATH = YES;
				SDKROOT = iphoneos;
				SWIFT_COMPILATION_MODE = wholemodule;
				VALIDATE_PRODUCT = YES;
			};
			name = Release;
		};
		B9EEEF052B88A83B008FB2AA /* Debug */ = {
			isa = XCBuildConfiguration;
			buildSettings = {
				ASSETCATALOG_COMPILER_APPICON_NAME = AppIcon;
				ASSETCATALOG_COMPILER_GLOBAL_ACCENT_COLOR_NAME = AccentColor;
				CODE_SIGN_STYLE = Automatic;
				CURRENT_PROJECT_VERSION = 1;
				DEVELOPMENT_ASSET_PATHS = "\"Msss/Preview Content\"";
				DEVELOPMENT_TEAM = J6NMZ4CEW5;
				ENABLE_PREVIEWS = YES;
				GENERATE_INFOPLIST_FILE = YES;
				INFOPLIST_KEY_UIApplicationSceneManifest_Generation = YES;
				INFOPLIST_KEY_UIApplicationSupportsIndirectInputEvents = YES;
				INFOPLIST_KEY_UILaunchScreen_Generation = YES;
				INFOPLIST_KEY_UISupportedInterfaceOrientations_iPad = "UIInterfaceOrientationPortrait UIInterfaceOrientationPortraitUpsideDown UIInterfaceOrientationLandscapeLeft UIInterfaceOrientationLandscapeRight";
				INFOPLIST_KEY_UISupportedInterfaceOrientations_iPhone = "UIInterfaceOrientationPortrait UIInterfaceOrientationLandscapeLeft UIInterfaceOrientationLandscapeRight";
				LD_RUNPATH_SEARCH_PATHS = (
					"$(inherited)",
					"@executable_path/Frameworks",
				);
				MARKETING_VERSION = 1.0;
				PRODUCT_BUNDLE_IDENTIFIER = com.its.Msss;
				PRODUCT_NAME = "$(TARGET_NAME)";
				SWIFT_EMIT_LOC_STRINGS = YES;
				SWIFT_VERSION = 5.0;
				TARGETED_DEVICE_FAMILY = "1,2";
			};
			name = Debug;
		};
		B9EEEF062B88A83B008FB2AA /* Release */ = {
			isa = XCBuildConfiguration;
			buildSettings = {
				ASSETCATALOG_COMPILER_APPICON_NAME = AppIcon;
				ASSETCATALOG_COMPILER_GLOBAL_ACCENT_COLOR_NAME = AccentColor;
				CODE_SIGN_STYLE = Automatic;
				CURRENT_PROJECT_VERSION = 1;
				DEVELOPMENT_ASSET_PATHS = "\"Msss/Preview Content\"";
				DEVELOPMENT_TEAM = J6NMZ4CEW5;
				ENABLE_PREVIEWS = YES;
				GENERATE_INFOPLIST_FILE = YES;
				INFOPLIST_KEY_UIApplicationSceneManifest_Generation = YES;
				INFOPLIST_KEY_UIApplicationSupportsIndirectInputEvents = YES;
				INFOPLIST_KEY_UILaunchScreen_Generation = YES;
				INFOPLIST_KEY_UISupportedInterfaceOrientations_iPad = "UIInterfaceOrientationPortrait UIInterfaceOrientationPortraitUpsideDown UIInterfaceOrientationLandscapeLeft UIInterfaceOrientationLandscapeRight";
				INFOPLIST_KEY_UISupportedInterfaceOrientations_iPhone = "UIInterfaceOrientationPortrait UIInterfaceOrientationLandscapeLeft UIInterfaceOrientationLandscapeRight";
				LD_RUNPATH_SEARCH_PATHS = (
					"$(inherited)",
					"@executable_path/Frameworks",
				);
				MARKETING_VERSION = 1.0;
				PRODUCT_BUNDLE_IDENTIFIER = com.its.Msss;
				PRODUCT_NAME = "$(TARGET_NAME)";
				SWIFT_EMIT_LOC_STRINGS = YES;
				SWIFT_VERSION = 5.0;
				TARGETED_DEVICE_FAMILY = "1,2";
			};
			name = Release;
		};
		B9EEEF082B88A83B008FB2AA /* Debug */ = {
			isa = XCBuildConfiguration;
			buildSettings = {
				ALWAYS_EMBED_SWIFT_STANDARD_LIBRARIES = YES;
				BUNDLE_LOADER = "$(TEST_HOST)";
				CODE_SIGN_STYLE = Automatic;
				CURRENT_PROJECT_VERSION = 1;
				DEVELOPMENT_TEAM = J6NMZ4CEW5;
				GENERATE_INFOPLIST_FILE = YES;
				IPHONEOS_DEPLOYMENT_TARGET = 16.0;
				MARKETING_VERSION = 1.0;
				PRODUCT_BUNDLE_IDENTIFIER = com.its.MsssTests;
				PRODUCT_NAME = "$(TARGET_NAME)";
				SWIFT_EMIT_LOC_STRINGS = NO;
				SWIFT_VERSION = 5.0;
				TARGETED_DEVICE_FAMILY = "1,2";
				TEST_HOST = "$(BUILT_PRODUCTS_DIR)/Msss.app/$(BUNDLE_EXECUTABLE_FOLDER_PATH)/Msss";
			};
			name = Debug;
		};
		B9EEEF092B88A83B008FB2AA /* Release */ = {
			isa = XCBuildConfiguration;
			buildSettings = {
				ALWAYS_EMBED_SWIFT_STANDARD_LIBRARIES = YES;
				BUNDLE_LOADER = "$(TEST_HOST)";
				CODE_SIGN_STYLE = Automatic;
				CURRENT_PROJECT_VERSION = 1;
				DEVELOPMENT_TEAM = J6NMZ4CEW5;
				GENERATE_INFOPLIST_FILE = YES;
				IPHONEOS_DEPLOYMENT_TARGET = 16.0;
				MARKETING_VERSION = 1.0;
				PRODUCT_BUNDLE_IDENTIFIER = com.its.MsssTests;
				PRODUCT_NAME = "$(TARGET_NAME)";
				SWIFT_EMIT_LOC_STRINGS = NO;
				SWIFT_VERSION = 5.0;
				TARGETED_DEVICE_FAMILY = "1,2";
				TEST_HOST = "$(BUILT_PRODUCTS_DIR)/Msss.app/$(BUNDLE_EXECUTABLE_FOLDER_PATH)/Msss";
			};
			name = Release;
		};
		B9EEEF0B2B88A83B008FB2AA /* Debug */ = {
			isa = XCBuildConfiguration;
			buildSettings = {
				ALWAYS_EMBED_SWIFT_STANDARD_LIBRARIES = YES;
				CODE_SIGN_STYLE = Automatic;
				CURRENT_PROJECT_VERSION = 1;
				DEVELOPMENT_TEAM = J6NMZ4CEW5;
				GENERATE_INFOPLIST_FILE = YES;
				MARKETING_VERSION = 1.0;
				PRODUCT_BUNDLE_IDENTIFIER = com.its.MsssUITests;
				PRODUCT_NAME = "$(TARGET_NAME)";
				SWIFT_EMIT_LOC_STRINGS = NO;
				SWIFT_VERSION = 5.0;
				TARGETED_DEVICE_FAMILY = "1,2";
				TEST_TARGET_NAME = Msss;
			};
			name = Debug;
		};
		B9EEEF0C2B88A83B008FB2AA /* Release */ = {
			isa = XCBuildConfiguration;
			buildSettings = {
				ALWAYS_EMBED_SWIFT_STANDARD_LIBRARIES = YES;
				CODE_SIGN_STYLE = Automatic;
				CURRENT_PROJECT_VERSION = 1;
				DEVELOPMENT_TEAM = J6NMZ4CEW5;
				GENERATE_INFOPLIST_FILE = YES;
				MARKETING_VERSION = 1.0;
				PRODUCT_BUNDLE_IDENTIFIER = com.its.MsssUITests;
				PRODUCT_NAME = "$(TARGET_NAME)";
				SWIFT_EMIT_LOC_STRINGS = NO;
				SWIFT_VERSION = 5.0;
				TARGETED_DEVICE_FAMILY = "1,2";
				TEST_TARGET_NAME = Msss;
			};
			name = Release;
		};
/* End XCBuildConfiguration section */

/* Begin XCConfigurationList section */
		B9EEEEDB2B88A83A008FB2AA /* Build configuration list for PBXProject "Msss" */ = {
			isa = XCConfigurationList;
			buildConfigurations = (
				B9EEEF022B88A83B008FB2AA /* Debug */,
				B9EEEF032B88A83B008FB2AA /* Release */,
			);
			defaultConfigurationIsVisible = 0;
			defaultConfigurationName = Release;
		};
		B9EEEF042B88A83B008FB2AA /* Build configuration list for PBXNativeTarget "Msss" */ = {
			isa = XCConfigurationList;
			buildConfigurations = (
				B9EEEF052B88A83B008FB2AA /* Debug */,
				B9EEEF062B88A83B008FB2AA /* Release */,
			);
			defaultConfigurationIsVisible = 0;
			defaultConfigurationName = Release;
		};
		B9EEEF072B88A83B008FB2AA /* Build configuration list for PBXNativeTarget "MsssTests" */ = {
			isa = XCConfigurationList;
			buildConfigurations = (
				B9EEEF082B88A83B008FB2AA /* Debug */,
				B9EEEF092B88A83B008FB2AA /* Release */,
			);
			defaultConfigurationIsVisible = 0;
			defaultConfigurationName = Release;
		};
		B9EEEF0A2B88A83B008FB2AA /* Build configuration list for PBXNativeTarget "MsssUITests" */ = {
			isa = XCConfigurationList;
			buildConfigurations = (
				B9EEEF0B2B88A83B008FB2AA /* Debug */,
				B9EEEF0C2B88A83B008FB2AA /* Release */,
			);
			defaultConfigurationIsVisible = 0;
			defaultConfigurationName = Release;
		};
/* End XCConfigurationList section */
	};
	rootObject = B9EEEED82B88A83A008FB2AA /* Project object */;
}
